
Microsoft Visual Studio Solution File, Format Version 12.00
# Visual Studio Version 17
VisualStudioVersion = 17.13.35818.85 d17.13
MinimumVisualStudioVersion = 10.0.40219.1
Project("{FAE04EC0-301F-11D3-BF4B-00C04F79EFBC}") = "Attendance Management System", "Attendance Management System\Attendance Management System.csproj", "{2DA78117-EF76-4E5F-96FA-6EEDD65EE3DE}"
EndProject
Global
	GlobalSection(SolutionConfigurationPlatforms) = preSolution
		Debug|Any CPU = Debug|Any CPU
		Release|Any CPU = Release|Any CPU
	EndGlobalSection
	GlobalSection(ProjectConfigurationPlatforms) = postSolution
		{2DA78117-EF76-4E5F-96FA-6EEDD65EE3DE}.Debug|Any CPU.ActiveCfg = Debug|Any CPU
		{2DA78117-EF76-4E5F-96FA-6EEDD65EE3DE}.Debug|Any CPU.Build.0 = Debug|Any CPU
		{2DA78117-EF76-4E5F-96FA-6EEDD65EE3DE}.Release|Any CPU.ActiveCfg = Release|Any CPU
		{2DA78117-EF76-4E5F-96FA-6EEDD65EE3DE}.Release|Any CPU.Build.0 = Release|Any CPU
	EndGlobalSection
	GlobalSection(SolutionProperties) = preSolution
		HideSolutionNode = FALSE
	EndGlobalSection
	GlobalSection(ExtensibilityGlobals) = postSolution
		SolutionGuid = {0CEF733A-FC9D-409B-808E-839587EAE50B}
	EndGlobalSection
EndGlobal
